
Microsoft Visual Studio Solution File, Format Version 12.00
Project("{FAE04EC0-301F-11D3-BF4B-00C04F79EFBC}") = "PlaygroundApi", "PlaygroundApi\PlaygroundApi.csproj", "{70F96490-F2BF-44DC-A415-A91D27A9A2FF}"
EndProject
Project("{FAE04EC0-301F-11D3-BF4B-00C04F79EFBC}") = "WolverineConventions", "WolverineConventions\WolverineConventions.csproj", "{DF3BAB5C-EE47-49D6-83D6-CD9785DE181F}"
EndProject
Project("{FAE04EC0-301F-11D3-BF4B-00C04F79EFBC}") = "Producer", "Producer\Producer.csproj", "{6EA9232E-B0E5-457A-8B61-D426D6A6EAFB}"
EndProject
Project("{FAE04EC0-301F-11D3-BF4B-00C04F79EFBC}") = "Consumer", "Consumer\Consumer.csproj", "{346C59E5-C093-4818-997F-E4EB79807A7D}"
EndProject
Project("{2150E333-8FDC-42A3-9474-1A3956D46DE8}") = "Wolverine", "Wolverine", "{B4D8F179-9720-407C-80CA-1D6BC8A4DD1E}"
EndProject
Global
	GlobalSection(SolutionConfigurationPlatforms) = preSolution
		Debug|Any CPU = Debug|Any CPU
		Release|Any CPU = Release|Any CPU
	EndGlobalSection
	GlobalSection(ProjectConfigurationPlatforms) = postSolution
		{70F96490-F2BF-44DC-A415-A91D27A9A2FF}.Debug|Any CPU.ActiveCfg = Debug|Any CPU
		{70F96490-F2BF-44DC-A415-A91D27A9A2FF}.Debug|Any CPU.Build.0 = Debug|Any CPU
		{70F96490-F2BF-44DC-A415-A91D27A9A2FF}.Release|Any CPU.ActiveCfg = Release|Any CPU
		{70F96490-F2BF-44DC-A415-A91D27A9A2FF}.Release|Any CPU.Build.0 = Release|Any CPU
		{DF3BAB5C-EE47-49D6-83D6-CD9785DE181F}.Debug|Any CPU.ActiveCfg = Debug|Any CPU
		{DF3BAB5C-EE47-49D6-83D6-CD9785DE181F}.Debug|Any CPU.Build.0 = Debug|Any CPU
		{DF3BAB5C-EE47-49D6-83D6-CD9785DE181F}.Release|Any CPU.ActiveCfg = Release|Any CPU
		{DF3BAB5C-EE47-49D6-83D6-CD9785DE181F}.Release|Any CPU.Build.0 = Release|Any CPU
		{6EA9232E-B0E5-457A-8B61-D426D6A6EAFB}.Debug|Any CPU.ActiveCfg = Debug|Any CPU
		{6EA9232E-B0E5-457A-8B61-D426D6A6EAFB}.Debug|Any CPU.Build.0 = Debug|Any CPU
		{6EA9232E-B0E5-457A-8B61-D426D6A6EAFB}.Release|Any CPU.ActiveCfg = Release|Any CPU
		{6EA9232E-B0E5-457A-8B61-D426D6A6EAFB}.Release|Any CPU.Build.0 = Release|Any CPU
		{346C59E5-C093-4818-997F-E4EB79807A7D}.Debug|Any CPU.ActiveCfg = Debug|Any CPU
		{346C59E5-C093-4818-997F-E4EB79807A7D}.Debug|Any CPU.Build.0 = Debug|Any CPU
		{346C59E5-C093-4818-997F-E4EB79807A7D}.Release|Any CPU.ActiveCfg = Release|Any CPU
		{346C59E5-C093-4818-997F-E4EB79807A7D}.Release|Any CPU.Build.0 = Release|Any CPU
	EndGlobalSection
	GlobalSection(NestedProjects) = preSolution
		{346C59E5-C093-4818-997F-E4EB79807A7D} = {B4D8F179-9720-407C-80CA-1D6BC8A4DD1E}
		{6EA9232E-B0E5-457A-8B61-D426D6A6EAFB} = {B4D8F179-9720-407C-80CA-1D6BC8A4DD1E}
		{DF3BAB5C-EE47-49D6-83D6-CD9785DE181F} = {B4D8F179-9720-407C-80CA-1D6BC8A4DD1E}
	EndGlobalSection
EndGlobal
