
Microsoft Visual Studio Solution File, Format Version 12.00
Project("{FAE04EC0-301F-11D3-BF4B-00C04F79EFBC}") = "PlaygroundApi", "PlaygroundApi\PlaygroundApi.csproj", "{70F96490-F2BF-44DC-A415-A91D27A9A2FF}"
EndProject
Project("{FAE04EC0-301F-11D3-BF4B-00C04F79EFBC}") = "PlaygroundApp", "PlaygroundApp\PlaygroundApp.csproj", "{224F55F0-B29D-4997-9028-57C6B4B948FE}"
EndProject
Project("{FAE04EC0-301F-11D3-BF4B-00C04F79EFBC}") = "WolverineConventions", "WolverineConventions\WolverineConventions.csproj", "{DF3BAB5C-EE47-49D6-83D6-CD9785DE181F}"
EndProject
Project("{FAE04EC0-301F-11D3-BF4B-00C04F79EFBC}") = "Producer", "Producer\Producer.csproj", "{6EA9232E-B0E5-457A-8B61-D426D6A6EAFB}"
EndProject
Project("{FAE04EC0-301F-11D3-BF4B-00C04F79EFBC}") = "Consumer", "Consumer\Consumer.csproj", "{346C59E5-C093-4818-997F-E4EB79807A7D}"
EndProject
Project("{2150E333-8FDC-42A3-9474-1A3956D46DE8}") = "Wolverine", "Wolverine", "{B4D8F179-9720-407C-80CA-1D6BC8A4DD1E}"
EndProject
Project("{2150E333-8FDC-42A3-9474-1A3956D46DE8}") = "Rebus", "Rebus", "{F5348F77-D39F-48F4-87C0-B50D3470BB86}"
EndProject
Project("{FAE04EC0-301F-11D3-BF4B-00C04F79EFBC}") = "Producer.Rebus", "Rebus\Producer.Rebus\Producer.Rebus.csproj", "{1F56AE34-3C03-4457-810C-A0B4976606B6}"
EndProject
Project("{FAE04EC0-301F-11D3-BF4B-00C04F79EFBC}") = "Consumer.Rebus", "Rebus\Consumer.Rebus\Consumer.Rebus.csproj", "{8FE4126E-9B1F-4A52-8B56-A3FC2720DB87}"
EndProject
Project("{2150E333-8FDC-42A3-9474-1A3956D46DE8}") = "Brighter", "Brighter", "{925DDB9A-FAF4-4EFA-831E-33FB64883D40}"
EndProject
Project("{FAE04EC0-301F-11D3-BF4B-00C04F79EFBC}") = "Consumer.Brighter", "Consumer.Brighter\Consumer.Brighter.csproj", "{1181FD17-4438-4C72-8DC2-3616EA881C94}"
EndProject
Project("{FAE04EC0-301F-11D3-BF4B-00C04F79EFBC}") = "Producer.Brighter", "Producer.Brighter\Producer.Brighter.csproj", "{1C71BD34-0E4F-47C5-8A92-E77CB7D3CF92}"
EndProject
Global
	GlobalSection(SolutionConfigurationPlatforms) = preSolution
		Debug|Any CPU = Debug|Any CPU
		Release|Any CPU = Release|Any CPU
	EndGlobalSection
	GlobalSection(ProjectConfigurationPlatforms) = postSolution
		{70F96490-F2BF-44DC-A415-A91D27A9A2FF}.Debug|Any CPU.ActiveCfg = Debug|Any CPU
		{70F96490-F2BF-44DC-A415-A91D27A9A2FF}.Debug|Any CPU.Build.0 = Debug|Any CPU
		{70F96490-F2BF-44DC-A415-A91D27A9A2FF}.Release|Any CPU.ActiveCfg = Release|Any CPU
		{70F96490-F2BF-44DC-A415-A91D27A9A2FF}.Release|Any CPU.Build.0 = Release|Any CPU
		{224F55F0-B29D-4997-9028-57C6B4B948FE}.Debug|Any CPU.ActiveCfg = Debug|Any CPU
		{224F55F0-B29D-4997-9028-57C6B4B948FE}.Debug|Any CPU.Build.0 = Debug|Any CPU
		{224F55F0-B29D-4997-9028-57C6B4B948FE}.Release|Any CPU.ActiveCfg = Release|Any CPU
		{224F55F0-B29D-4997-9028-57C6B4B948FE}.Release|Any CPU.Build.0 = Release|Any CPU
		{DF3BAB5C-EE47-49D6-83D6-CD9785DE181F}.Debug|Any CPU.ActiveCfg = Debug|Any CPU
		{DF3BAB5C-EE47-49D6-83D6-CD9785DE181F}.Debug|Any CPU.Build.0 = Debug|Any CPU
		{DF3BAB5C-EE47-49D6-83D6-CD9785DE181F}.Release|Any CPU.ActiveCfg = Release|Any CPU
		{DF3BAB5C-EE47-49D6-83D6-CD9785DE181F}.Release|Any CPU.Build.0 = Release|Any CPU
		{6EA9232E-B0E5-457A-8B61-D426D6A6EAFB}.Debug|Any CPU.ActiveCfg = Debug|Any CPU
		{6EA9232E-B0E5-457A-8B61-D426D6A6EAFB}.Debug|Any CPU.Build.0 = Debug|Any CPU
		{6EA9232E-B0E5-457A-8B61-D426D6A6EAFB}.Release|Any CPU.ActiveCfg = Release|Any CPU
		{6EA9232E-B0E5-457A-8B61-D426D6A6EAFB}.Release|Any CPU.Build.0 = Release|Any CPU
		{346C59E5-C093-4818-997F-E4EB79807A7D}.Debug|Any CPU.ActiveCfg = Debug|Any CPU
		{346C59E5-C093-4818-997F-E4EB79807A7D}.Debug|Any CPU.Build.0 = Debug|Any CPU
		{346C59E5-C093-4818-997F-E4EB79807A7D}.Release|Any CPU.ActiveCfg = Release|Any CPU
		{346C59E5-C093-4818-997F-E4EB79807A7D}.Release|Any CPU.Build.0 = Release|Any CPU
		{1F56AE34-3C03-4457-810C-A0B4976606B6}.Debug|Any CPU.ActiveCfg = Debug|Any CPU
		{1F56AE34-3C03-4457-810C-A0B4976606B6}.Debug|Any CPU.Build.0 = Debug|Any CPU
		{1F56AE34-3C03-4457-810C-A0B4976606B6}.Release|Any CPU.ActiveCfg = Release|Any CPU
		{1F56AE34-3C03-4457-810C-A0B4976606B6}.Release|Any CPU.Build.0 = Release|Any CPU
		{8FE4126E-9B1F-4A52-8B56-A3FC2720DB87}.Debug|Any CPU.ActiveCfg = Debug|Any CPU
		{8FE4126E-9B1F-4A52-8B56-A3FC2720DB87}.Debug|Any CPU.Build.0 = Debug|Any CPU
		{8FE4126E-9B1F-4A52-8B56-A3FC2720DB87}.Release|Any CPU.ActiveCfg = Release|Any CPU
		{8FE4126E-9B1F-4A52-8B56-A3FC2720DB87}.Release|Any CPU.Build.0 = Release|Any CPU
		{1181FD17-4438-4C72-8DC2-3616EA881C94}.Debug|Any CPU.ActiveCfg = Debug|Any CPU
		{1181FD17-4438-4C72-8DC2-3616EA881C94}.Debug|Any CPU.Build.0 = Debug|Any CPU
		{1181FD17-4438-4C72-8DC2-3616EA881C94}.Release|Any CPU.ActiveCfg = Release|Any CPU
		{1181FD17-4438-4C72-8DC2-3616EA881C94}.Release|Any CPU.Build.0 = Release|Any CPU
		{1C71BD34-0E4F-47C5-8A92-E77CB7D3CF92}.Debug|Any CPU.ActiveCfg = Debug|Any CPU
		{1C71BD34-0E4F-47C5-8A92-E77CB7D3CF92}.Debug|Any CPU.Build.0 = Debug|Any CPU
		{1C71BD34-0E4F-47C5-8A92-E77CB7D3CF92}.Release|Any CPU.ActiveCfg = Release|Any CPU
		{1C71BD34-0E4F-47C5-8A92-E77CB7D3CF92}.Release|Any CPU.Build.0 = Release|Any CPU
	EndGlobalSection
	GlobalSection(NestedProjects) = preSolution
		{346C59E5-C093-4818-997F-E4EB79807A7D} = {B4D8F179-9720-407C-80CA-1D6BC8A4DD1E}
		{6EA9232E-B0E5-457A-8B61-D426D6A6EAFB} = {B4D8F179-9720-407C-80CA-1D6BC8A4DD1E}
		{DF3BAB5C-EE47-49D6-83D6-CD9785DE181F} = {B4D8F179-9720-407C-80CA-1D6BC8A4DD1E}
		{1F56AE34-3C03-4457-810C-A0B4976606B6} = {F5348F77-D39F-48F4-87C0-B50D3470BB86}
		{8FE4126E-9B1F-4A52-8B56-A3FC2720DB87} = {F5348F77-D39F-48F4-87C0-B50D3470BB86}
		{1181FD17-4438-4C72-8DC2-3616EA881C94} = {925DDB9A-FAF4-4EFA-831E-33FB64883D40}
		{1C71BD34-0E4F-47C5-8A92-E77CB7D3CF92} = {925DDB9A-FAF4-4EFA-831E-33FB64883D40}
	EndGlobalSection
EndGlobal
